<Solution>
  <Folder Name="/src/">
    <Project Path="src/Iris.App/Iris.App.vbproj" />
    <Project Path="src/Iris.Core/Iris.Core.vbproj" />
    <Project Path="src/Iris.Model/Iris.Model.vbproj" />
    <Project Path="src/Iris.Outlook/Iris.Outlook.vbproj" />
    <Project Path="src/Iris.Cache/Iris.Cache.vbproj" />
    <Project Path="src/Iris.Sync/Iris.Sync.vbproj" />
    <Project Path="src/Iris.Assist/Iris.Assist.vbproj" />
    <Project Path="src/Iris.Integration.Assist.Http/Iris.Integration.Assist.Http.vbproj" />
    <Project Path="src/Iris.Integration/Iris.Integration.vbproj" />
    <Project Path="src/Iris.Integration.Outlook/Iris.Integration.Outlook.vbproj" />
    <Project Path="src/Iris.Update/Iris.Update.vbproj" />
  </Folder>
  <Folder Name="/tools/">
    <Project Path="tools/Iris.CrashHarness/Iris.CrashHarness.vbproj" />
  </Folder>
  <Folder Name="/tests/">
    <Project Path="tests/Iris.Tests/Iris.Tests.vbproj" />
  </Folder>
</Solution>
